
Microsoft Visual Studio Solution File, Format Version 12.00
# Visual Studio Version 17
VisualStudioVersion = 17.5.002.0
MinimumVisualStudioVersion = 10.0.40219.1
Project("{9A19103F-16F7-4668-BE54-9A1E7A4F7556}") = "Blog", "Blog.csproj", "{E0E524A2-1EBD-4ABC-A602-4507A622A851}"
EndProject
Global
	GlobalSection(SolutionConfigurationPlatforms) = preSolution
		Debug|Any CPU = Debug|Any CPU
		Release|Any CPU = Release|Any CPU
	EndGlobalSection
	GlobalSection(ProjectConfigurationPlatforms) = postSolution
		{E0E524A2-1EBD-4ABC-A602-4507A622A851}.Debug|Any CPU.ActiveCfg = Debug|Any CPU
		{E0E524A2-1EBD-4ABC-A602-4507A622A851}.Debug|Any CPU.Build.0 = Debug|Any CPU
		{E0E524A2-1EBD-4ABC-A602-4507A622A851}.Release|Any CPU.ActiveCfg = Release|Any CPU
		{E0E524A2-1EBD-4ABC-A602-4507A622A851}.Release|Any CPU.Build.0 = Release|Any CPU
	EndGlobalSection
	GlobalSection(SolutionProperties) = preSolution
		HideSolutionNode = FALSE
	EndGlobalSection
	GlobalSection(ExtensibilityGlobals) = postSolution
		SolutionGuid = {F95280E5-A5A2-4500-9D4D-47756835A218}
	EndGlobalSection
EndGlobal
